{
  "nodes": {
    "home-manager": {
      "inputs": {
        "nixpkgs": [
          "nixpkgs"
        ]
      },
      "locked": {
        "lastModified": 1614028896,
        "narHash": "sha256-MeXlsYzPn/aWdfqRJvW/yBfPdQ0qcQCkDvu2+9X2Q4E=",
        "owner": "rycee",
        "repo": "home-manager",
        "rev": "7582090eb0f64144995d4fb9d5e52343e2c3f64b",
        "type": "github"
      },
      "original": {
        "owner": "rycee",
        "ref": "master",
        "repo": "home-manager",
        "type": "github"
      }
    },
    "nixos": {
      "locked": {
        "lastModified": 1616305499,
        "narHash": "sha256-WArUDrAuqq9jNLNJI0hBClleALaCysA40WBbQHQlqLg=",
        "owner": "NixOS",
        "repo": "nixpkgs",
        "rev": "9b8530e3721fc008bacac61b6c50a29712ee2f2f",
        "type": "github"
      },
      "original": {
        "owner": "NixOS",
        "ref": "nixos-20.09",
        "repo": "nixpkgs",
        "type": "github"
      }
    },
    "nixpkgs": {
      "locked": {
        "lastModified": 1616174264,
        "narHash": "sha256-88Pu2xh1p2tixNxdijfqoCqq9ymkEx0d6jc7ycWavLo=",
        "owner": "NixOS",
        "repo": "nixpkgs",
        "rev": "f5e8bdd07d1afaabf6b37afc5497b1e498b8046f",
        "type": "github"
      },
      "original": {
        "owner": "NixOS",
        "ref": "nixos-unstable",
        "repo": "nixpkgs",
        "type": "github"
      }
    },
    "root": {
      "inputs": {
        "home-manager": "home-manager",
        "nixos": "nixos",
        "nixpkgs": "nixpkgs"
      }
    }
  },
  "root": "root",
  "version": 7
}
